
Microsoft Visual Studio Solution File, Format Version 12.00
# Visual Studio Version 16
VisualStudioVersion = 16.0.29509.3
MinimumVisualStudioVersion = 10.0.40219.1
Project("{FAE04EC0-301F-11D3-BF4B-00C04F79EFBC}") = "SimplexMetod", "SimplexMetod\SimplexMetod.csproj", "{5F3260DF-12CA-492F-ABB2-CB0E5BB75CDA}"
EndProject
Global
	GlobalSection(SolutionConfigurationPlatforms) = preSolution
		Debug|Any CPU = Debug|Any CPU
		Release|Any CPU = Release|Any CPU
	EndGlobalSection
	GlobalSection(ProjectConfigurationPlatforms) = postSolution
		{5F3260DF-12CA-492F-ABB2-CB0E5BB75CDA}.Debug|Any CPU.ActiveCfg = Debug|Any CPU
		{5F3260DF-12CA-492F-ABB2-CB0E5BB75CDA}.Debug|Any CPU.Build.0 = Debug|Any CPU
		{5F3260DF-12CA-492F-ABB2-CB0E5BB75CDA}.Release|Any CPU.ActiveCfg = Release|Any CPU
		{5F3260DF-12CA-492F-ABB2-CB0E5BB75CDA}.Release|Any CPU.Build.0 = Release|Any CPU
	EndGlobalSection
	GlobalSection(SolutionProperties) = preSolution
		HideSolutionNode = FALSE
	EndGlobalSection
	GlobalSection(ExtensibilityGlobals) = postSolution
		SolutionGuid = {79D02F25-8722-4A3F-9701-61A9CB53AF60}
	EndGlobalSection
EndGlobal
